
Microsoft Visual Studio Solution File, Format Version 12.00
# Visual Studio Version 17
VisualStudioVersion = 17.12.35527.113
MinimumVisualStudioVersion = 10.0.40219.1
Project("{FAE04EC0-301F-11D3-BF4B-00C04F79EFBC}") = "Presentation.ConsoleApp", "Presentation.ConsoleApp\Presentation.ConsoleApp.csproj", "{EF1E5E8A-178C-45E1-8B56-B4EBC0DAAB97}"
EndProject
Project("{FAE04EC0-301F-11D3-BF4B-00C04F79EFBC}") = "Business", "Business\Business.csproj", "{9EC3E24F-5F1E-46F8-910A-E9AB4555A221}"
EndProject
Project("{FAE04EC0-301F-11D3-BF4B-00C04F79EFBC}") = "Tests", "Tests\Tests.csproj", "{31A063F8-9FEB-4B48-8393-4307259CDB0E}"
EndProject
Global
	GlobalSection(SolutionConfigurationPlatforms) = preSolution
		Debug|Any CPU = Debug|Any CPU
		Release|Any CPU = Release|Any CPU
	EndGlobalSection
	GlobalSection(ProjectConfigurationPlatforms) = postSolution
		{EF1E5E8A-178C-45E1-8B56-B4EBC0DAAB97}.Debug|Any CPU.ActiveCfg = Debug|Any CPU
		{EF1E5E8A-178C-45E1-8B56-B4EBC0DAAB97}.Debug|Any CPU.Build.0 = Debug|Any CPU
		{EF1E5E8A-178C-45E1-8B56-B4EBC0DAAB97}.Release|Any CPU.ActiveCfg = Release|Any CPU
		{EF1E5E8A-178C-45E1-8B56-B4EBC0DAAB97}.Release|Any CPU.Build.0 = Release|Any CPU
		{9EC3E24F-5F1E-46F8-910A-E9AB4555A221}.Debug|Any CPU.ActiveCfg = Debug|Any CPU
		{9EC3E24F-5F1E-46F8-910A-E9AB4555A221}.Debug|Any CPU.Build.0 = Debug|Any CPU
		{9EC3E24F-5F1E-46F8-910A-E9AB4555A221}.Release|Any CPU.ActiveCfg = Release|Any CPU
		{9EC3E24F-5F1E-46F8-910A-E9AB4555A221}.Release|Any CPU.Build.0 = Release|Any CPU
		{31A063F8-9FEB-4B48-8393-4307259CDB0E}.Debug|Any CPU.ActiveCfg = Debug|Any CPU
		{31A063F8-9FEB-4B48-8393-4307259CDB0E}.Debug|Any CPU.Build.0 = Debug|Any CPU
		{31A063F8-9FEB-4B48-8393-4307259CDB0E}.Release|Any CPU.ActiveCfg = Release|Any CPU
		{31A063F8-9FEB-4B48-8393-4307259CDB0E}.Release|Any CPU.Build.0 = Release|Any CPU
	EndGlobalSection
	GlobalSection(SolutionProperties) = preSolution
		HideSolutionNode = FALSE
	EndGlobalSection
EndGlobal
